<?xml version="1.0" encoding="utf-8"?>
<Project ToolsVersion="4.0" xmlns="http://schemas.microsoft.com/developer/msbuild/2003">
  <ItemGroup>
    <ClCompile Include="stdafx.cpp" />
    <ClCompile Include="Card.cpp">
      <Filter>Source Files</Filter>
    </ClCompile>
    <ClCompile Include="CardGame.cpp">
      <Filter>Source Files</Filter>
    </ClCompile>
    <ClCompile Include="Deck.cpp">
      <Filter>Source Files</Filter>
    </ClCompile>
    <ClCompile Include="FiveCardDraw.cpp">
      <Filter>Source Files</Filter>
    </ClCompile>
    <ClCompile Include="Game.cpp">
      <Filter>Source Files</Filter>
    </ClCompile>
    <ClCompile Include="Hand.cpp">
      <Filter>Source Files</Filter>
    </ClCompile>
    <ClCompile Include="Parse.cpp">
      <Filter>Source Files</Filter>
    </ClCompile>
    <ClCompile Include="Player.cpp">
      <Filter>Source Files</Filter>
    </ClCompile>
    <ClCompile Include="SevenCardStud.cpp">
      <Filter>Source Files</Filter>
    </ClCompile>
    <ClCompile Include="TexasHoldEm.cpp">
      <Filter>Source Files</Filter>
    </ClCompile>
  </ItemGroup>
  <ItemGroup>
    <ClInclude Include="stdafx.h" />
    <ClInclude Include="targetver.h" />
    <ClInclude Include="Card.h">
      <Filter>Headers Files</Filter>
    </ClInclude>
    <ClInclude Include="CardGame.h">
      <Filter>Headers Files</Filter>
    </ClInclude>
    <ClInclude Include="Deck.h">
      <Filter>Headers Files</Filter>
    </ClInclude>
    <ClInclude Include="FiveCardDraw.h">
      <Filter>Headers Files</Filter>
    </ClInclude>
    <ClInclude Include="Game.h">
      <Filter>Headers Files</Filter>
    </ClInclude>
    <ClInclude Include="Hand.h">
      <Filter>Headers Files</Filter>
    </ClInclude>
    <ClInclude Include="Parse.h">
      <Filter>Headers Files</Filter>
    </ClInclude>
    <ClInclude Include="Player.h">
      <Filter>Headers Files</Filter>
    </ClInclude>
    <ClInclude Include="SevenCardStud.h">
      <Filter>Headers Files</Filter>
    </ClInclude>
    <ClInclude Include="TexasHoldEm.h">
      <Filter>Headers Files</Filter>
    </ClInclude>
  </ItemGroup>
  <ItemGroup>
    <Text Include="ReadMe.txt" />
  </ItemGroup>
  <ItemGroup>
    <Filter Include="Source Files">
      <UniqueIdentifier>{c7f08bbe-4725-4fb9-a7ee-e18e8d094df7}</UniqueIdentifier>
      <Extensions>*.cpp</Extensions>
    </Filter>
    <Filter Include="Headers Files">
      <UniqueIdentifier>{ae598f76-8fc9-4b3b-b413-0ecce7c702b0}</UniqueIdentifier>
      <Extensions>*.h</Extensions>
    </Filter>
  </ItemGroup>
</Project>